
Microsoft Visual Studio Solution File, Format Version 12.00
# Visual Studio Version 17
VisualStudioVersion = 17.4.33122.133
MinimumVisualStudioVersion = 10.0.40219.1
Project("{2150E333-8FDC-42A3-9474-1A3956D46DE8}") = "Services", "Services", "{AEE62B9C-D954-450F-9DB7-02C1DC92407F}"
EndProject
Project("{2150E333-8FDC-42A3-9474-1A3956D46DE8}") = "Catalog", "Catalog", "{CF38C2F1-A700-4377-900B-1AB053705D87}"
EndProject
Project("{9A19103F-16F7-4668-BE54-9A1E7A4F7556}") = "Catalog.API", "Services\Catalog\Catalog.API\Catalog.API.csproj", "{0C2D716B-D8D5-43A3-92ED-106728171E97}"
EndProject
Project("{E53339B2-1760-4266-BCC7-CA923CBCF16C}") = "docker-compose", "docker-compose.dcproj", "{2518F958-F3CB-4CC1-A541-A54407938535}"
EndProject
Project("{2150E333-8FDC-42A3-9474-1A3956D46DE8}") = "Basket", "Basket", "{81D4A50E-87FA-45B5-B015-A1CBFC0D51A3}"
EndProject
Project("{9A19103F-16F7-4668-BE54-9A1E7A4F7556}") = "Basket.API", "Services\Basket\Basket.API\Basket.API.csproj", "{4ACBE431-2C5C-4D3D-9ADD-2E6AD4BB382E}"
EndProject
Project("{2150E333-8FDC-42A3-9474-1A3956D46DE8}") = "Discount", "Discount", "{1646F2EB-BE7C-4436-BCB3-9CD032F1BE9D}"
EndProject
Project("{FAE04EC0-301F-11D3-BF4B-00C04F79EFBC}") = "Discount.API", "Services\Discount\Discount.API\Discount.API.csproj", "{474D6FF4-9FBF-4317-B1EF-3D6DDDB28A8B}"
EndProject
Global
	GlobalSection(SolutionConfigurationPlatforms) = preSolution
		Debug|Any CPU = Debug|Any CPU
		Release|Any CPU = Release|Any CPU
	EndGlobalSection
	GlobalSection(ProjectConfigurationPlatforms) = postSolution
		{0C2D716B-D8D5-43A3-92ED-106728171E97}.Debug|Any CPU.ActiveCfg = Debug|Any CPU
		{0C2D716B-D8D5-43A3-92ED-106728171E97}.Debug|Any CPU.Build.0 = Debug|Any CPU
		{0C2D716B-D8D5-43A3-92ED-106728171E97}.Release|Any CPU.ActiveCfg = Release|Any CPU
		{0C2D716B-D8D5-43A3-92ED-106728171E97}.Release|Any CPU.Build.0 = Release|Any CPU
		{2518F958-F3CB-4CC1-A541-A54407938535}.Debug|Any CPU.ActiveCfg = Debug|Any CPU
		{2518F958-F3CB-4CC1-A541-A54407938535}.Debug|Any CPU.Build.0 = Debug|Any CPU
		{2518F958-F3CB-4CC1-A541-A54407938535}.Release|Any CPU.ActiveCfg = Release|Any CPU
		{2518F958-F3CB-4CC1-A541-A54407938535}.Release|Any CPU.Build.0 = Release|Any CPU
		{4ACBE431-2C5C-4D3D-9ADD-2E6AD4BB382E}.Debug|Any CPU.ActiveCfg = Debug|Any CPU
		{4ACBE431-2C5C-4D3D-9ADD-2E6AD4BB382E}.Debug|Any CPU.Build.0 = Debug|Any CPU
		{4ACBE431-2C5C-4D3D-9ADD-2E6AD4BB382E}.Release|Any CPU.ActiveCfg = Release|Any CPU
		{4ACBE431-2C5C-4D3D-9ADD-2E6AD4BB382E}.Release|Any CPU.Build.0 = Release|Any CPU
		{474D6FF4-9FBF-4317-B1EF-3D6DDDB28A8B}.Debug|Any CPU.ActiveCfg = Debug|Any CPU
		{474D6FF4-9FBF-4317-B1EF-3D6DDDB28A8B}.Debug|Any CPU.Build.0 = Debug|Any CPU
		{474D6FF4-9FBF-4317-B1EF-3D6DDDB28A8B}.Release|Any CPU.ActiveCfg = Release|Any CPU
		{474D6FF4-9FBF-4317-B1EF-3D6DDDB28A8B}.Release|Any CPU.Build.0 = Release|Any CPU
	EndGlobalSection
	GlobalSection(SolutionProperties) = preSolution
		HideSolutionNode = FALSE
	EndGlobalSection
	GlobalSection(NestedProjects) = preSolution
		{CF38C2F1-A700-4377-900B-1AB053705D87} = {AEE62B9C-D954-450F-9DB7-02C1DC92407F}
		{0C2D716B-D8D5-43A3-92ED-106728171E97} = {CF38C2F1-A700-4377-900B-1AB053705D87}
		{81D4A50E-87FA-45B5-B015-A1CBFC0D51A3} = {AEE62B9C-D954-450F-9DB7-02C1DC92407F}
		{4ACBE431-2C5C-4D3D-9ADD-2E6AD4BB382E} = {81D4A50E-87FA-45B5-B015-A1CBFC0D51A3}
		{1646F2EB-BE7C-4436-BCB3-9CD032F1BE9D} = {AEE62B9C-D954-450F-9DB7-02C1DC92407F}
		{474D6FF4-9FBF-4317-B1EF-3D6DDDB28A8B} = {1646F2EB-BE7C-4436-BCB3-9CD032F1BE9D}
	EndGlobalSection
	GlobalSection(ExtensibilityGlobals) = postSolution
		SolutionGuid = {53D8F5B3-BD5B-43AF-9C5B-571A6C24706C}
	EndGlobalSection
EndGlobal
